// !$*UTF8*$!
{
	archiveVersion = 1;
	classes = {
	};
	objectVersion = 46;
	objects = {

/* Begin PBXBuildFile section */
		4D137EB819C1BE5700AC1050 /* LaunchScreen.xib in Resources */ = {isa = PBXBuildFile; fileRef = 4D137EB619C1BE5700AC1050 /* LaunchScreen.xib */; };
		4D4ECAD51CBE8B32000CF6FA /* StatefulPlaceholderView.swift in Sources */ = {isa = PBXBuildFile; fileRef = 4D4ECAD31CBE89EA000CF6FA /* StatefulPlaceholderView.swift */; };
		4D4ECAD61CBE8B33000CF6FA /* StatefulPlaceholderView.swift in Sources */ = {isa = PBXBuildFile; fileRef = 4D4ECAD31CBE89EA000CF6FA /* StatefulPlaceholderView.swift */; };
		4D64514B1A64079200108EA3 /* StatefulViewController.h in Headers */ = {isa = PBXBuildFile; fileRef = 4D64514A1A64079200108EA3 /* StatefulViewController.h */; settings = {ATTRIBUTES = (Public, ); }; };
		4D6451511A64079300108EA3 /* StatefulViewController.framework in Frameworks */ = {isa = PBXBuildFile; fileRef = 4D6451461A64079200108EA3 /* StatefulViewController.framework */; };
		4D64515A1A64079300108EA3 /* StatefulViewControllerTests.swift in Sources */ = {isa = PBXBuildFile; fileRef = 4D6451591A64079300108EA3 /* StatefulViewControllerTests.swift */; };
		4D64515D1A64079300108EA3 /* StatefulViewController.framework in Frameworks */ = {isa = PBXBuildFile; fileRef = 4D6451461A64079200108EA3 /* StatefulViewController.framework */; };
		4D64515E1A64079300108EA3 /* StatefulViewController.framework in Embed Frameworks */ = {isa = PBXBuildFile; fileRef = 4D6451461A64079200108EA3 /* StatefulViewController.framework */; settings = {ATTRIBUTES = (CodeSignOnCopy, RemoveHeadersOnCopy, ); }; };
		4D6451681A64089800108EA3 /* StatefulViewController.swift in Sources */ = {isa = PBXBuildFile; fileRef = 4D6451661A64089800108EA3 /* StatefulViewController.swift */; };
		4D6451691A64089800108EA3 /* ViewStateMachine.swift in Sources */ = {isa = PBXBuildFile; fileRef = 4D6451671A64089800108EA3 /* ViewStateMachine.swift */; };
		4DC230DD1BB5BA810083B95A /* StatefulViewControllerImplementation.swift in Sources */ = {isa = PBXBuildFile; fileRef = 4DC230DC1BB5BA810083B95A /* StatefulViewControllerImplementation.swift */; };
		4DE62AE219B658610021630A /* AppDelegate.swift in Sources */ = {isa = PBXBuildFile; fileRef = 4DE62AE119B658610021630A /* AppDelegate.swift */; };
		4DE62AE419B658610021630A /* ViewController.swift in Sources */ = {isa = PBXBuildFile; fileRef = 4DE62AE319B658610021630A /* ViewController.swift */; };
		4DE62AE719B658610021630A /* Main.storyboard in Resources */ = {isa = PBXBuildFile; fileRef = 4DE62AE519B658610021630A /* Main.storyboard */; };
		4DE62AE919B658610021630A /* Images.xcassets in Resources */ = {isa = PBXBuildFile; fileRef = 4DE62AE819B658610021630A /* Images.xcassets */; };
		4DE62B0D19B65AF00021630A /* BasicPlaceholderView.swift in Sources */ = {isa = PBXBuildFile; fileRef = 4DE62B0919B65AF00021630A /* BasicPlaceholderView.swift */; };
		4DE62B0E19B65AF00021630A /* EmptyView.swift in Sources */ = {isa = PBXBuildFile; fileRef = 4DE62B0A19B65AF00021630A /* EmptyView.swift */; };
		4DE62B0F19B65AF00021630A /* ErrorView.swift in Sources */ = {isa = PBXBuildFile; fileRef = 4DE62B0B19B65AF00021630A /* ErrorView.swift */; };
		4DE62B1019B65AF00021630A /* LoadingView.swift in Sources */ = {isa = PBXBuildFile; fileRef = 4DE62B0C19B65AF00021630A /* LoadingView.swift */; };
		523646901C6F88C400392180 /* StatefulViewController.h in Headers */ = {isa = PBXBuildFile; fileRef = 4D64514A1A64079200108EA3 /* StatefulViewController.h */; settings = {ATTRIBUTES = (Public, ); }; };
		523646911C6F88CF00392180 /* StatefulViewController.swift in Sources */ = {isa = PBXBuildFile; fileRef = 4D6451661A64089800108EA3 /* StatefulViewController.swift */; };
		523646921C6F88CF00392180 /* StatefulViewControllerImplementation.swift in Sources */ = {isa = PBXBuildFile; fileRef = 4DC230DC1BB5BA810083B95A /* StatefulViewControllerImplementation.swift */; };
		523646931C6F88CF00392180 /* ViewStateMachine.swift in Sources */ = {isa = PBXBuildFile; fileRef = 4D6451671A64089800108EA3 /* ViewStateMachine.swift */; };
/* End PBXBuildFile section */

/* Begin PBXContainerItemProxy section */
		4D6451521A64079300108EA3 /* PBXContainerItemProxy */ = {
			isa = PBXContainerItemProxy;
			containerPortal = 4DE62AD419B658610021630A /* Project object */;
			proxyType = 1;
			remoteGlobalIDString = 4D6451451A64079200108EA3;
			remoteInfo = StatefulViewController;
		};
		4D6451541A64079300108EA3 /* PBXContainerItemProxy */ = {
			isa = PBXContainerItemProxy;
			containerPortal = 4DE62AD419B658610021630A /* Project object */;
			proxyType = 1;
			remoteGlobalIDString = 4DE62ADB19B658610021630A;
			remoteInfo = Example;
		};
		4D64515B1A64079300108EA3 /* PBXContainerItemProxy */ = {
			isa = PBXContainerItemProxy;
			containerPortal = 4DE62AD419B658610021630A /* Project object */;
			proxyType = 1;
			remoteGlobalIDString = 4D6451451A64079200108EA3;
			remoteInfo = StatefulViewController;
		};
/* End PBXContainerItemProxy section */

/* Begin PBXCopyFilesBuildPhase section */
		4D6451641A64079300108EA3 /* Embed Frameworks */ = {
			isa = PBXCopyFilesBuildPhase;
			buildActionMask = 2147483647;
			dstPath = "";
			dstSubfolderSpec = 10;
			files = (
				4D64515E1A64079300108EA3 /* StatefulViewController.framework in Embed Frameworks */,
			);
			name = "Embed Frameworks";
			runOnlyForDeploymentPostprocessing = 0;
		};
/* End PBXCopyFilesBuildPhase section */

/* Begin PBXFileReference section */
		4D137EB719C1BE5700AC1050 /* Base */ = {isa = PBXFileReference; lastKnownFileType = file.xib; name = Base; path = Base.lproj/LaunchScreen.xib; sourceTree = "<group>"; };
		4D4ECAD31CBE89EA000CF6FA /* StatefulPlaceholderView.swift */ = {isa = PBXFileReference; fileEncoding = 4; lastKnownFileType = sourcecode.swift; path = StatefulPlaceholderView.swift; sourceTree = "<group>"; };
		4D6451461A64079200108EA3 /* StatefulViewController.framework */ = {isa = PBXFileReference; explicitFileType = wrapper.framework; includeInIndex = 0; path = StatefulViewController.framework; sourceTree = BUILT_PRODUCTS_DIR; };
		4D6451491A64079200108EA3 /* Info.plist */ = {isa = PBXFileReference; lastKnownFileType = text.plist.xml; path = Info.plist; sourceTree = "<group>"; };
		4D64514A1A64079200108EA3 /* StatefulViewController.h */ = {isa = PBXFileReference; lastKnownFileType = sourcecode.c.h; path = StatefulViewController.h; sourceTree = "<group>"; };
		4D6451501A64079200108EA3 /* StatefulViewController-iOS Tests.xctest */ = {isa = PBXFileReference; explicitFileType = wrapper.cfbundle; includeInIndex = 0; path = "StatefulViewController-iOS Tests.xctest"; sourceTree = BUILT_PRODUCTS_DIR; };
		4D6451581A64079300108EA3 /* Info.plist */ = {isa = PBXFileReference; lastKnownFileType = text.plist.xml; path = Info.plist; sourceTree = "<group>"; };
		4D6451591A64079300108EA3 /* StatefulViewControllerTests.swift */ = {isa = PBXFileReference; lastKnownFileType = sourcecode.swift; path = StatefulViewControllerTests.swift; sourceTree = "<group>"; };
		4D6451661A64089800108EA3 /* StatefulViewController.swift */ = {isa = PBXFileReference; fileEncoding = 4; lastKnownFileType = sourcecode.swift; path = StatefulViewController.swift; sourceTree = "<group>"; };
		4D6451671A64089800108EA3 /* ViewStateMachine.swift */ = {isa = PBXFileReference; fileEncoding = 4; lastKnownFileType = sourcecode.swift; path = ViewStateMachine.swift; sourceTree = "<group>"; };
		4DC230DC1BB5BA810083B95A /* StatefulViewControllerImplementation.swift */ = {isa = PBXFileReference; fileEncoding = 4; lastKnownFileType = sourcecode.swift; path = StatefulViewControllerImplementation.swift; sourceTree = "<group>"; };
		4DE62ADC19B658610021630A /* Example.app */ = {isa = PBXFileReference; explicitFileType = wrapper.application; includeInIndex = 0; path = Example.app; sourceTree = BUILT_PRODUCTS_DIR; };
		4DE62AE019B658610021630A /* Info.plist */ = {isa = PBXFileReference; lastKnownFileType = text.plist.xml; path = Info.plist; sourceTree = "<group>"; };
		4DE62AE119B658610021630A /* AppDelegate.swift */ = {isa = PBXFileReference; lastKnownFileType = sourcecode.swift; path = AppDelegate.swift; sourceTree = "<group>"; };
		4DE62AE319B658610021630A /* ViewController.swift */ = {isa = PBXFileReference; lastKnownFileType = sourcecode.swift; path = ViewController.swift; sourceTree = "<group>"; };
		4DE62AE619B658610021630A /* Base */ = {isa = PBXFileReference; lastKnownFileType = file.storyboard; name = Base; path = Base.lproj/Main.storyboard; sourceTree = "<group>"; };
		4DE62AE819B658610021630A /* Images.xcassets */ = {isa = PBXFileReference; lastKnownFileType = folder.assetcatalog; path = Images.xcassets; sourceTree = "<group>"; };
		4DE62B0919B65AF00021630A /* BasicPlaceholderView.swift */ = {isa = PBXFileReference; fileEncoding = 4; lastKnownFileType = sourcecode.swift; path = BasicPlaceholderView.swift; sourceTree = "<group>"; };
		4DE62B0A19B65AF00021630A /* EmptyView.swift */ = {isa = PBXFileReference; fileEncoding = 4; lastKnownFileType = sourcecode.swift; path = EmptyView.swift; sourceTree = "<group>"; };
		4DE62B0B19B65AF00021630A /* ErrorView.swift */ = {isa = PBXFileReference; fileEncoding = 4; lastKnownFileType = sourcecode.swift; path = ErrorView.swift; sourceTree = "<group>"; };
		4DE62B0C19B65AF00021630A /* LoadingView.swift */ = {isa = PBXFileReference; fileEncoding = 4; lastKnownFileType = sourcecode.swift; path = LoadingView.swift; sourceTree = "<group>"; };
		523646881C6F87B000392180 /* StatefulViewController.framework */ = {isa = PBXFileReference; explicitFileType = wrapper.framework; includeInIndex = 0; path = StatefulViewController.framework; sourceTree = BUILT_PRODUCTS_DIR; };
/* End PBXFileReference section */

/* Begin PBXFrameworksBuildPhase section */
		4D6451421A64079200108EA3 /* Frameworks */ = {
			isa = PBXFrameworksBuildPhase;
			buildActionMask = 2147483647;
			files = (
			);
			runOnlyForDeploymentPostprocessing = 0;
		};
		4D64514D1A64079200108EA3 /* Frameworks */ = {
			isa = PBXFrameworksBuildPhase;
			buildActionMask = 2147483647;
			files = (
				4D6451511A64079300108EA3 /* StatefulViewController.framework in Frameworks */,
			);
			runOnlyForDeploymentPostprocessing = 0;
		};
		4DE62AD919B658610021630A /* Frameworks */ = {
			isa = PBXFrameworksBuildPhase;
			buildActionMask = 2147483647;
			files = (
				4D64515D1A64079300108EA3 /* StatefulViewController.framework in Frameworks */,
			);
			runOnlyForDeploymentPostprocessing = 0;
		};
		523646841C6F87B000392180 /* Frameworks */ = {
			isa = PBXFrameworksBuildPhase;
			buildActionMask = 2147483647;
			files = (
			);
			runOnlyForDeploymentPostprocessing = 0;
		};
/* End PBXFrameworksBuildPhase section */

/* Begin PBXGroup section */
		4D6451471A64079200108EA3 /* StatefulViewController */ = {
			isa = PBXGroup;
			children = (
				4D6451661A64089800108EA3 /* StatefulViewController.swift */,
				4DC230DC1BB5BA810083B95A /* StatefulViewControllerImplementation.swift */,
				4D6451671A64089800108EA3 /* ViewStateMachine.swift */,
				4D4ECAD31CBE89EA000CF6FA /* StatefulPlaceholderView.swift */,
				4D64514A1A64079200108EA3 /* StatefulViewController.h */,
				4D6451481A64079200108EA3 /* Supporting Files */,
			);
			path = StatefulViewController;
			sourceTree = "<group>";
		};
		4D6451481A64079200108EA3 /* Supporting Files */ = {
			isa = PBXGroup;
			children = (
				4D6451491A64079200108EA3 /* Info.plist */,
			);
			name = "Supporting Files";
			sourceTree = "<group>";
		};
		4D6451561A64079300108EA3 /* StatefulViewControllerTests */ = {
			isa = PBXGroup;
			children = (
				4D6451591A64079300108EA3 /* StatefulViewControllerTests.swift */,
				4D6451571A64079300108EA3 /* Supporting Files */,
			);
			path = StatefulViewControllerTests;
			sourceTree = "<group>";
		};
		4D6451571A64079300108EA3 /* Supporting Files */ = {
			isa = PBXGroup;
			children = (
				4D6451581A64079300108EA3 /* Info.plist */,
			);
			name = "Supporting Files";
			sourceTree = "<group>";
		};
		4DE62AD319B658610021630A = {
			isa = PBXGroup;
			children = (
				4DE62ADE19B658610021630A /* Example */,
				4D6451471A64079200108EA3 /* StatefulViewController */,
				4D6451561A64079300108EA3 /* StatefulViewControllerTests */,
				4DE62ADD19B658610021630A /* Products */,
			);
			sourceTree = "<group>";
		};
		4DE62ADD19B658610021630A /* Products */ = {
			isa = PBXGroup;
			children = (
				4DE62ADC19B658610021630A /* Example.app */,
				4D6451461A64079200108EA3 /* StatefulViewController.framework */,
				4D6451501A64079200108EA3 /* StatefulViewController-iOS Tests.xctest */,
				523646881C6F87B000392180 /* StatefulViewController.framework */,
			);
			name = Products;
			sourceTree = "<group>";
		};
		4DE62ADE19B658610021630A /* Example */ = {
			isa = PBXGroup;
			children = (
				4DE62AE119B658610021630A /* AppDelegate.swift */,
				4DE62AE319B658610021630A /* ViewController.swift */,
				4DE62B0819B65AF00021630A /* PlaceholderViews */,
				4DE62AE519B658610021630A /* Main.storyboard */,
				4D137EB619C1BE5700AC1050 /* LaunchScreen.xib */,
				4DE62AE819B658610021630A /* Images.xcassets */,
				4DE62ADF19B658610021630A /* Supporting Files */,
			);
			path = Example;
			sourceTree = "<group>";
		};
		4DE62ADF19B658610021630A /* Supporting Files */ = {
			isa = PBXGroup;
			children = (
				4DE62AE019B658610021630A /* Info.plist */,
			);
			name = "Supporting Files";
			sourceTree = "<group>";
		};
		4DE62B0819B65AF00021630A /* PlaceholderViews */ = {
			isa = PBXGroup;
			children = (
				4DE62B0919B65AF00021630A /* BasicPlaceholderView.swift */,
				4DE62B0A19B65AF00021630A /* EmptyView.swift */,
				4DE62B0B19B65AF00021630A /* ErrorView.swift */,
				4DE62B0C19B65AF00021630A /* LoadingView.swift */,
			);
			path = PlaceholderViews;
			sourceTree = "<group>";
		};
/* End PBXGroup section */

/* Begin PBXHeadersBuildPhase section */
		4D6451431A64079200108EA3 /* Headers */ = {
			isa = PBXHeadersBuildPhase;
			buildActionMask = 2147483647;
			files = (
				4D64514B1A64079200108EA3 /* StatefulViewController.h in Headers */,
			);
			runOnlyForDeploymentPostprocessing = 0;
		};
		523646851C6F87B000392180 /* Headers */ = {
			isa = PBXHeadersBuildPhase;
			buildActionMask = 2147483647;
			files = (
				523646901C6F88C400392180 /* StatefulViewController.h in Headers */,
			);
			runOnlyForDeploymentPostprocessing = 0;
		};
/* End PBXHeadersBuildPhase section */

/* Begin PBXNativeTarget section */
		4D6451451A64079200108EA3 /* StatefulViewController-iOS */ = {
			isa = PBXNativeTarget;
			buildConfigurationList = 4D6451631A64079300108EA3 /* Build configuration list for PBXNativeTarget "StatefulViewController-iOS" */;
			buildPhases = (
				4D6451411A64079200108EA3 /* Sources */,
				4D6451421A64079200108EA3 /* Frameworks */,
				4D6451431A64079200108EA3 /* Headers */,
				4D6451441A64079200108EA3 /* Resources */,
			);
			buildRules = (
			);
			dependencies = (
			);
			name = "StatefulViewController-iOS";
			productName = StatefulViewController;
			productReference = 4D6451461A64079200108EA3 /* StatefulViewController.framework */;
			productType = "com.apple.product-type.framework";
		};
		4D64514F1A64079200108EA3 /* StatefulViewController-iOS Tests */ = {
			isa = PBXNativeTarget;
			buildConfigurationList = 4D6451651A64079300108EA3 /* Build configuration list for PBXNativeTarget "StatefulViewController-iOS Tests" */;
			buildPhases = (
				4D64514C1A64079200108EA3 /* Sources */,
				4D64514D1A64079200108EA3 /* Frameworks */,
				4D64514E1A64079200108EA3 /* Resources */,
			);
			buildRules = (
			);
			dependencies = (
				4D6451531A64079300108EA3 /* PBXTargetDependency */,
				4D6451551A64079300108EA3 /* PBXTargetDependency */,
			);
			name = "StatefulViewController-iOS Tests";
			productName = StatefulViewControllerTests;
			productReference = 4D6451501A64079200108EA3 /* StatefulViewController-iOS Tests.xctest */;
			productType = "com.apple.product-type.bundle.unit-test";
		};
		4DE62ADB19B658610021630A /* Example */ = {
			isa = PBXNativeTarget;
			buildConfigurationList = 4DE62AF819B658610021630A /* Build configuration list for PBXNativeTarget "Example" */;
			buildPhases = (
				4DE62AD819B658610021630A /* Sources */,
				4DE62AD919B658610021630A /* Frameworks */,
				4DE62ADA19B658610021630A /* Resources */,
				4D6451641A64079300108EA3 /* Embed Frameworks */,
			);
			buildRules = (
			);
			dependencies = (
				4D64515C1A64079300108EA3 /* PBXTargetDependency */,
			);
			name = Example;
			productName = Example;
			productReference = 4DE62ADC19B658610021630A /* Example.app */;
			productType = "com.apple.product-type.application";
		};
		523646871C6F87B000392180 /* StatefulViewController-tvOS */ = {
			isa = PBXNativeTarget;
			buildConfigurationList = 5236468F1C6F87B000392180 /* Build configuration list for PBXNativeTarget "StatefulViewController-tvOS" */;
			buildPhases = (
				523646831C6F87B000392180 /* Sources */,
				523646841C6F87B000392180 /* Frameworks */,
				523646851C6F87B000392180 /* Headers */,
				523646861C6F87B000392180 /* Resources */,
			);
			buildRules = (
			);
			dependencies = (
			);
			name = "StatefulViewController-tvOS";
			productName = "StatefulViewController tvOS";
			productReference = 523646881C6F87B000392180 /* StatefulViewController.framework */;
			productType = "com.apple.product-type.framework";
		};
/* End PBXNativeTarget section */

/* Begin PBXProject section */
		4DE62AD419B658610021630A /* Project object */ = {
			isa = PBXProject;
			attributes = {
				LastSwiftMigration = 0700;
				LastSwiftUpdateCheck = 0700;
				LastUpgradeCheck = 0800;
				ORGANIZATIONNAME = "Alexander Schuch";
				TargetAttributes = {
					4D6451451A64079200108EA3 = {
						CreatedOnToolsVersion = 6.2;
						LastSwiftMigration = 0800;
					};
					4D64514F1A64079200108EA3 = {
						CreatedOnToolsVersion = 6.2;
						LastSwiftMigration = 0800;
						TestTargetID = 4DE62ADB19B658610021630A;
					};
					4DE62ADB19B658610021630A = {
						CreatedOnToolsVersion = 6.0;
						LastSwiftMigration = 0800;
					};
					523646871C6F87B000392180 = {
						CreatedOnToolsVersion = 7.2.1;
					};
				};
			};
			buildConfigurationList = 4DE62AD719B658610021630A /* Build configuration list for PBXProject "Example" */;
			compatibilityVersion = "Xcode 3.2";
			developmentRegion = English;
			hasScannedForEncodings = 0;
			knownRegions = (
				en,
				Base,
			);
			mainGroup = 4DE62AD319B658610021630A;
			productRefGroup = 4DE62ADD19B658610021630A /* Products */;
			projectDirPath = "";
			projectRoot = "";
			targets = (
				4DE62ADB19B658610021630A /* Example */,
				4D6451451A64079200108EA3 /* StatefulViewController-iOS */,
				4D64514F1A64079200108EA3 /* StatefulViewController-iOS Tests */,
				523646871C6F87B000392180 /* StatefulViewController-tvOS */,
			);
		};
/* End PBXProject section */

/* Begin PBXResourcesBuildPhase section */
		4D6451441A64079200108EA3 /* Resources */ = {
			isa = PBXResourcesBuildPhase;
			buildActionMask = 2147483647;
			files = (
			);
			runOnlyForDeploymentPostprocessing = 0;
		};
		4D64514E1A64079200108EA3 /* Resources */ = {
			isa = PBXResourcesBuildPhase;
			buildActionMask = 2147483647;
			files = (
			);
			runOnlyForDeploymentPostprocessing = 0;
		};
		4DE62ADA19B658610021630A /* Resources */ = {
			isa = PBXResourcesBuildPhase;
			buildActionMask = 2147483647;
			files = (
				4DE62AE719B658610021630A /* Main.storyboard in Resources */,
				4D137EB819C1BE5700AC1050 /* LaunchScreen.xib in Resources */,
				4DE62AE919B658610021630A /* Images.xcassets in Resources */,
			);
			runOnlyForDeploymentPostprocessing = 0;
		};
		523646861C6F87B000392180 /* Resources */ = {
			isa = PBXResourcesBuildPhase;
			buildActionMask = 2147483647;
			files = (
			);
			runOnlyForDeploymentPostprocessing = 0;
		};
/* End PBXResourcesBuildPhase section */

/* Begin PBXSourcesBuildPhase section */
		4D6451411A64079200108EA3 /* Sources */ = {
			isa = PBXSourcesBuildPhase;
			buildActionMask = 2147483647;
			files = (
				4DC230DD1BB5BA810083B95A /* StatefulViewControllerImplementation.swift in Sources */,
				4D6451691A64089800108EA3 /* ViewStateMachine.swift in Sources */,
				4D4ECAD51CBE8B32000CF6FA /* StatefulPlaceholderView.swift in Sources */,
				4D6451681A64089800108EA3 /* StatefulViewController.swift in Sources */,
			);
			runOnlyForDeploymentPostprocessing = 0;
		};
		4D64514C1A64079200108EA3 /* Sources */ = {
			isa = PBXSourcesBuildPhase;
			buildActionMask = 2147483647;
			files = (
				4D64515A1A64079300108EA3 /* StatefulViewControllerTests.swift in Sources */,
			);
			runOnlyForDeploymentPostprocessing = 0;
		};
		4DE62AD819B658610021630A /* Sources */ = {
			isa = PBXSourcesBuildPhase;
			buildActionMask = 2147483647;
			files = (
				4DE62AE419B658610021630A /* ViewController.swift in Sources */,
				4DE62B0D19B65AF00021630A /* BasicPlaceholderView.swift in Sources */,
				4DE62AE219B658610021630A /* AppDelegate.swift in Sources */,
				4DE62B0F19B65AF00021630A /* ErrorView.swift in Sources */,
				4DE62B1019B65AF00021630A /* LoadingView.swift in Sources */,
				4DE62B0E19B65AF00021630A /* EmptyView.swift in Sources */,
			);
			runOnlyForDeploymentPostprocessing = 0;
		};
		523646831C6F87B000392180 /* Sources */ = {
			isa = PBXSourcesBuildPhase;
			buildActionMask = 2147483647;
			files = (
				523646921C6F88CF00392180 /* StatefulViewControllerImplementation.swift in Sources */,
				523646931C6F88CF00392180 /* ViewStateMachine.swift in Sources */,
				4D4ECAD61CBE8B33000CF6FA /* StatefulPlaceholderView.swift in Sources */,
				523646911C6F88CF00392180 /* StatefulViewController.swift in Sources */,
			);
			runOnlyForDeploymentPostprocessing = 0;
		};
/* End PBXSourcesBuildPhase section */

/* Begin PBXTargetDependency section */
		4D6451531A64079300108EA3 /* PBXTargetDependency */ = {
			isa = PBXTargetDependency;
			target = 4D6451451A64079200108EA3 /* StatefulViewController-iOS */;
			targetProxy = 4D6451521A64079300108EA3 /* PBXContainerItemProxy */;
		};
		4D6451551A64079300108EA3 /* PBXTargetDependency */ = {
			isa = PBXTargetDependency;
			target = 4DE62ADB19B658610021630A /* Example */;
			targetProxy = 4D6451541A64079300108EA3 /* PBXContainerItemProxy */;
		};
		4D64515C1A64079300108EA3 /* PBXTargetDependency */ = {
			isa = PBXTargetDependency;
			target = 4D6451451A64079200108EA3 /* StatefulViewController-iOS */;
			targetProxy = 4D64515B1A64079300108EA3 /* PBXContainerItemProxy */;
		};
/* End PBXTargetDependency section */

/* Begin PBXVariantGroup section */
		4D137EB619C1BE5700AC1050 /* LaunchScreen.xib */ = {
			isa = PBXVariantGroup;
			children = (
				4D137EB719C1BE5700AC1050 /* Base */,
			);
			name = LaunchScreen.xib;
			sourceTree = "<group>";
		};
		4DE62AE519B658610021630A /* Main.storyboard */ = {
			isa = PBXVariantGroup;
			children = (
				4DE62AE619B658610021630A /* Base */,
			);
			name = Main.storyboard;
			sourceTree = "<group>";
		};
/* End PBXVariantGroup section */

/* Begin XCBuildConfiguration section */
		4D64515F1A64079300108EA3 /* Debug */ = {
			isa = XCBuildConfiguration;
			buildSettings = {
				CLANG_ENABLE_MODULES = YES;
				"CODE_SIGN_IDENTITY[sdk=iphoneos*]" = "";
				CURRENT_PROJECT_VERSION = 1;
				DEFINES_MODULE = YES;
				DYLIB_COMPATIBILITY_VERSION = 1;
				DYLIB_CURRENT_VERSION = 1;
				DYLIB_INSTALL_NAME_BASE = "@rpath";
				GCC_PREPROCESSOR_DEFINITIONS = (
					"DEBUG=1",
					"$(inherited)",
				);
				INFOPLIST_FILE = StatefulViewController/Info.plist;
				INSTALL_PATH = "$(LOCAL_LIBRARY_DIR)/Frameworks";
				IPHONEOS_DEPLOYMENT_TARGET = 8.0;
				LD_RUNPATH_SEARCH_PATHS = "$(inherited) @executable_path/Frameworks @loader_path/Frameworks";
				PRODUCT_BUNDLE_IDENTIFIER = com.aschuch.StatefulViewController;
				PRODUCT_NAME = StatefulViewController;
				SKIP_INSTALL = YES;
				SWIFT_OPTIMIZATION_LEVEL = "-Onone";
				TARGETED_DEVICE_FAMILY = "1,2";
				VERSIONING_SYSTEM = "apple-generic";
				VERSION_INFO_PREFIX = "";
			};
			name = Debug;
		};
		4D6451601A64079300108EA3 /* Release */ = {
			isa = XCBuildConfiguration;
			buildSettings = {
				CLANG_ENABLE_MODULES = YES;
				"CODE_SIGN_IDENTITY[sdk=iphoneos*]" = "";
				COPY_PHASE_STRIP = NO;
				CURRENT_PROJECT_VERSION = 1;
				DEFINES_MODULE = YES;
				DYLIB_COMPATIBILITY_VERSION = 1;
				DYLIB_CURRENT_VERSION = 1;
				DYLIB_INSTALL_NAME_BASE = "@rpath";
				INFOPLIST_FILE = StatefulViewController/Info.plist;
				INSTALL_PATH = "$(LOCAL_LIBRARY_DIR)/Frameworks";
				IPHONEOS_DEPLOYMENT_TARGET = 8.0;
				LD_RUNPATH_SEARCH_PATHS = "$(inherited) @executable_path/Frameworks @loader_path/Frameworks";
				PRODUCT_BUNDLE_IDENTIFIER = com.aschuch.StatefulViewController;
				PRODUCT_NAME = StatefulViewController;
				SKIP_INSTALL = YES;
				TARGETED_DEVICE_FAMILY = "1,2";
				VERSIONING_SYSTEM = "apple-generic";
				VERSION_INFO_PREFIX = "";
			};
			name = Release;
		};
		4D6451611A64079300108EA3 /* Debug */ = {
			isa = XCBuildConfiguration;
			buildSettings = {
				FRAMEWORK_SEARCH_PATHS = "$(inherited)";
				GCC_PREPROCESSOR_DEFINITIONS = (
					"DEBUG=1",
					"$(inherited)",
				);
				INFOPLIST_FILE = StatefulViewControllerTests/Info.plist;
				IPHONEOS_DEPLOYMENT_TARGET = 8.0;
				LD_RUNPATH_SEARCH_PATHS = "$(inherited) @executable_path/Frameworks @loader_path/Frameworks";
				PRODUCT_BUNDLE_IDENTIFIER = "com.aschuch.$(PRODUCT_NAME:rfc1034identifier)";
				PRODUCT_NAME = "$(TARGET_NAME)";
				TEST_HOST = "$(BUILT_PRODUCTS_DIR)/Example.app/Example";
			};
			name = Debug;
		};
		4D6451621A64079300108EA3 /* Release */ = {
			isa = XCBuildConfiguration;
			buildSettings = {
				COPY_PHASE_STRIP = NO;
				FRAMEWORK_SEARCH_PATHS = "$(inherited)";
				INFOPLIST_FILE = StatefulViewControllerTests/Info.plist;
				IPHONEOS_DEPLOYMENT_TARGET = 8.0;
				LD_RUNPATH_SEARCH_PATHS = "$(inherited) @executable_path/Frameworks @loader_path/Frameworks";
				PRODUCT_BUNDLE_IDENTIFIER = "com.aschuch.$(PRODUCT_NAME:rfc1034identifier)";
				PRODUCT_NAME = "$(TARGET_NAME)";
				TEST_HOST = "$(BUILT_PRODUCTS_DIR)/Example.app/Example";
			};
			name = Release;
		};
		4DE62AF619B658610021630A /* Debug */ = {
			isa = XCBuildConfiguration;
			buildSettings = {
				ALWAYS_SEARCH_USER_PATHS = NO;
				CLANG_CXX_LANGUAGE_STANDARD = "gnu++0x";
				CLANG_CXX_LIBRARY = "libc++";
				CLANG_ENABLE_MODULES = YES;
				CLANG_ENABLE_OBJC_ARC = YES;
				CLANG_WARN_BOOL_CONVERSION = YES;
				CLANG_WARN_CONSTANT_CONVERSION = YES;
				CLANG_WARN_DIRECT_OBJC_ISA_USAGE = YES_ERROR;
				CLANG_WARN_EMPTY_BODY = YES;
				CLANG_WARN_ENUM_CONVERSION = YES;
				CLANG_WARN_INFINITE_RECURSION = YES;
				CLANG_WARN_INT_CONVERSION = YES;
				CLANG_WARN_OBJC_ROOT_CLASS = YES_ERROR;
				CLANG_WARN_SUSPICIOUS_MOVE = YES;
				CLANG_WARN_UNREACHABLE_CODE = YES;
				CLANG_WARN__DUPLICATE_METHOD_MATCH = YES;
				"CODE_SIGN_IDENTITY[sdk=iphoneos*]" = "iPhone Developer";
				COPY_PHASE_STRIP = NO;
				ENABLE_STRICT_OBJC_MSGSEND = YES;
				ENABLE_TESTABILITY = YES;
				GCC_C_LANGUAGE_STANDARD = gnu99;
				GCC_DYNAMIC_NO_PIC = NO;
				GCC_NO_COMMON_BLOCKS = YES;
				GCC_OPTIMIZATION_LEVEL = 0;
				GCC_PREPROCESSOR_DEFINITIONS = (
					"DEBUG=1",
					"$(inherited)",
				);
				GCC_SYMBOLS_PRIVATE_EXTERN = NO;
				GCC_WARN_64_TO_32_BIT_CONVERSION = YES;
				GCC_WARN_ABOUT_RETURN_TYPE = YES_ERROR;
				GCC_WARN_UNDECLARED_SELECTOR = YES;
				GCC_WARN_UNINITIALIZED_AUTOS = YES_AGGRESSIVE;
				GCC_WARN_UNUSED_FUNCTION = YES;
				GCC_WARN_UNUSED_VARIABLE = YES;
				IPHONEOS_DEPLOYMENT_TARGET = 8.0;
				MTL_ENABLE_DEBUG_INFO = YES;
				ONLY_ACTIVE_ARCH = YES;
				SDKROOT = iphoneos;
				SWIFT_OPTIMIZATION_LEVEL = "-Onone";
				SWIFT_VERSION = 3.0;
			};
			name = Debug;
		};
		4DE62AF719B658610021630A /* Release */ = {
			isa = XCBuildConfiguration;
			buildSettings = {
				ALWAYS_SEARCH_USER_PATHS = NO;
				CLANG_CXX_LANGUAGE_STANDARD = "gnu++0x";
				CLANG_CXX_LIBRARY = "libc++";
				CLANG_ENABLE_MODULES = YES;
				CLANG_ENABLE_OBJC_ARC = YES;
				CLANG_WARN_BOOL_CONVERSION = YES;
				CLANG_WARN_CONSTANT_CONVERSION = YES;
				CLANG_WARN_DIRECT_OBJC_ISA_USAGE = YES_ERROR;
				CLANG_WARN_EMPTY_BODY = YES;
				CLANG_WARN_ENUM_CONVERSION = YES;
				CLANG_WARN_INFINITE_RECURSION = YES;
				CLANG_WARN_INT_CONVERSION = YES;
				CLANG_WARN_OBJC_ROOT_CLASS = YES_ERROR;
				CLANG_WARN_SUSPICIOUS_MOVE = YES;
				CLANG_WARN_UNREACHABLE_CODE = YES;
				CLANG_WARN__DUPLICATE_METHOD_MATCH = YES;
				"CODE_SIGN_IDENTITY[sdk=iphoneos*]" = "iPhone Developer";
				COPY_PHASE_STRIP = YES;
				ENABLE_NS_ASSERTIONS = NO;
				ENABLE_STRICT_OBJC_MSGSEND = YES;
				GCC_C_LANGUAGE_STANDARD = gnu99;
				GCC_NO_COMMON_BLOCKS = YES;
				GCC_WARN_64_TO_32_BIT_CONVERSION = YES;
				GCC_WARN_ABOUT_RETURN_TYPE = YES_ERROR;
				GCC_WARN_UNDECLARED_SELECTOR = YES;
				GCC_WARN_UNINITIALIZED_AUTOS = YES_AGGRESSIVE;
				GCC_WARN_UNUSED_FUNCTION = YES;
				GCC_WARN_UNUSED_VARIABLE = YES;
				IPHONEOS_DEPLOYMENT_TARGET = 8.0;
				MTL_ENABLE_DEBUG_INFO = NO;
				SDKROOT = iphoneos;
				SWIFT_OPTIMIZATION_LEVEL = "-Owholemodule";
				SWIFT_VERSION = 3.0;
				VALIDATE_PRODUCT = YES;
			};
			name = Release;
		};
		4DE62AF919B658610021630A /* Debug */ = {
			isa = XCBuildConfiguration;
			buildSettings = {
				ASSETCATALOG_COMPILER_APPICON_NAME = AppIcon;
				INFOPLIST_FILE = Example/Info.plist;
				LD_RUNPATH_SEARCH_PATHS = "$(inherited) @executable_path/Frameworks";
				PRODUCT_BUNDLE_IDENTIFIER = "com.aschuch.$(PRODUCT_NAME:rfc1034identifier)";
				PRODUCT_NAME = "$(TARGET_NAME)";
			};
			name = Debug;
		};
		4DE62AFA19B658610021630A /* Release */ = {
			isa = XCBuildConfiguration;
			buildSettings = {
				ASSETCATALOG_COMPILER_APPICON_NAME = AppIcon;
				INFOPLIST_FILE = Example/Info.plist;
				LD_RUNPATH_SEARCH_PATHS = "$(inherited) @executable_path/Frameworks";
				PRODUCT_BUNDLE_IDENTIFIER = "com.aschuch.$(PRODUCT_NAME:rfc1034identifier)";
				PRODUCT_NAME = "$(TARGET_NAME)";
			};
			name = Release;
		};
		5236468D1C6F87B000392180 /* Debug */ = {
			isa = XCBuildConfiguration;
			buildSettings = {
				"CODE_SIGN_IDENTITY[sdk=appletvos*]" = "";
				CURRENT_PROJECT_VERSION = 1;
				DEBUG_INFORMATION_FORMAT = dwarf;
				DEFINES_MODULE = YES;
				DYLIB_COMPATIBILITY_VERSION = 1;
				DYLIB_CURRENT_VERSION = 1;
				DYLIB_INSTALL_NAME_BASE = "@rpath";
				GCC_NO_COMMON_BLOCKS = YES;
				INFOPLIST_FILE = "$(SRCROOT)/StatefulViewController/Info.plist";
				INSTALL_PATH = "$(LOCAL_LIBRARY_DIR)/Frameworks";
				LD_RUNPATH_SEARCH_PATHS = "$(inherited) @executable_path/Frameworks @loader_path/Frameworks";
				PRODUCT_BUNDLE_IDENTIFIER = com.aschuch.StatefulViewController;
				PRODUCT_NAME = StatefulViewController;
				SDKROOT = appletvos;
				SKIP_INSTALL = YES;
				TARGETED_DEVICE_FAMILY = 3;
				TVOS_DEPLOYMENT_TARGET = 9.0;
				VERSIONING_SYSTEM = "apple-generic";
				VERSION_INFO_PREFIX = "";
			};
			name = Debug;
		};
		5236468E1C6F87B000392180 /* Release */ = {
			isa = XCBuildConfiguration;
			buildSettings = {
				"CODE_SIGN_IDENTITY[sdk=appletvos*]" = "";
				COPY_PHASE_STRIP = NO;
				CURRENT_PROJECT_VERSION = 1;
				DEBUG_INFORMATION_FORMAT = "dwarf-with-dsym";
				DEFINES_MODULE = YES;
				DYLIB_COMPATIBILITY_VERSION = 1;
				DYLIB_CURRENT_VERSION = 1;
				DYLIB_INSTALL_NAME_BASE = "@rpath";
				GCC_NO_COMMON_BLOCKS = YES;
				INFOPLIST_FILE = "$(SRCROOT)/StatefulViewController/Info.plist";
				INSTALL_PATH = "$(LOCAL_LIBRARY_DIR)/Frameworks";
				LD_RUNPATH_SEARCH_PATHS = "$(inherited) @executable_path/Frameworks @loader_path/Frameworks";
				PRODUCT_BUNDLE_IDENTIFIER = com.aschuch.StatefulViewController;
				PRODUCT_NAME = StatefulViewController;
				SDKROOT = appletvos;
				SKIP_INSTALL = YES;
				TARGETED_DEVICE_FAMILY = 3;
				TVOS_DEPLOYMENT_TARGET = 9.0;
				VERSIONING_SYSTEM = "apple-generic";
				VERSION_INFO_PREFIX = "";
			};
			name = Release;
		};
/* End XCBuildConfiguration section */

/* Begin XCConfigurationList section */
		4D6451631A64079300108EA3 /* Build configuration list for PBXNativeTarget "StatefulViewController-iOS" */ = {
			isa = XCConfigurationList;
			buildConfigurations = (
				4D64515F1A64079300108EA3 /* Debug */,
				4D6451601A64079300108EA3 /* Release */,
			);
			defaultConfigurationIsVisible = 0;
			defaultConfigurationName = Release;
		};
		4D6451651A64079300108EA3 /* Build configuration list for PBXNativeTarget "StatefulViewController-iOS Tests" */ = {
			isa = XCConfigurationList;
			buildConfigurations = (
				4D6451611A64079300108EA3 /* Debug */,
				4D6451621A64079300108EA3 /* Release */,
			);
			defaultConfigurationIsVisible = 0;
			defaultConfigurationName = Release;
		};
		4DE62AD719B658610021630A /* Build configuration list for PBXProject "Example" */ = {
			isa = XCConfigurationList;
			buildConfigurations = (
				4DE62AF619B658610021630A /* Debug */,
				4DE62AF719B658610021630A /* Release */,
			);
			defaultConfigurationIsVisible = 0;
			defaultConfigurationName = Release;
		};
		4DE62AF819B658610021630A /* Build configuration list for PBXNativeTarget "Example" */ = {
			isa = XCConfigurationList;
			buildConfigurations = (
				4DE62AF919B658610021630A /* Debug */,
				4DE62AFA19B658610021630A /* Release */,
			);
			defaultConfigurationIsVisible = 0;
			defaultConfigurationName = Release;
		};
		5236468F1C6F87B000392180 /* Build configuration list for PBXNativeTarget "StatefulViewController-tvOS" */ = {
			isa = XCConfigurationList;
			buildConfigurations = (
				5236468D1C6F87B000392180 /* Debug */,
				5236468E1C6F87B000392180 /* Release */,
			);
			defaultConfigurationIsVisible = 0;
			defaultConfigurationName = Release;
		};
/* End XCConfigurationList section */
	};
	rootObject = 4DE62AD419B658610021630A /* Project object */;
}
